# THIS IS AN AUTOGENERATED FILE. DO NOT EDIT THIS FILE DIRECTLY.
# yarn lockfile v1


"@types/prop-types@*":
  version "15.7.2"
  resolved "https://registry.yarnpkg.com/@types/prop-types/-/prop-types-15.7.2.tgz#0e58ae66773d7fd7c372a493aff740878ec9ceaa"

"@types/react-native@^0.60.14":
  version "0.60.14"
  resolved "https://registry.yarnpkg.com/@types/react-native/-/react-native-0.60.14.tgz#76b07b97127a563ec0c996848925f81fcee1320b"
  dependencies:
    "@types/prop-types" "*"
    "@types/react" "*"

"@types/react@*", "@types/react@^16.9.2":
  version "16.9.2"
  resolved "https://registry.yarnpkg.com/@types/react/-/react-16.9.2.tgz#6d1765431a1ad1877979013906731aae373de268"
  dependencies:
    "@types/prop-types" "*"
    csstype "^2.2.0"

"@unimodules/core@^3.0.2":
  version "3.0.2"
  resolved "https://registry.yarnpkg.com/@unimodules/core/-/core-3.0.2.tgz#a2b143fb1e743809ba17c60ae1848f82b8637901"
  dependencies:
    compare-versions "^3.4.0"

"@unimodules/react-native-adapter@^3.0.0":
  version "3.0.0"
  resolved "https://registry.yarnpkg.com/@unimodules/react-native-adapter/-/react-native-adapter-3.0.0.tgz#303b76c131fe6b5ceb220235ddd1fa2a0193403d"
  dependencies:
    invariant "^2.2.4"
    lodash "^4.5.0"
    prop-types "^15.6.1"

compare-versions@^3.4.0:
  version "3.5.1"
  resolved "https://registry.yarnpkg.com/compare-versions/-/compare-versions-3.5.1.tgz#26e1f5cf0d48a77eced5046b9f67b6b61075a393"

csstype@^2.2.0:
  version "2.6.6"
  resolved "https://registry.yarnpkg.com/csstype/-/csstype-2.6.6.tgz#c34f8226a94bbb10c32cc0d714afdf942291fc41"

expo-crypto@^6.0.0:
  version "6.0.0"
  resolved "https://registry.yarnpkg.com/expo-crypto/-/expo-crypto-6.0.0.tgz#344fbee737cbde46d46a5a40b75a9e2b07974892"

expo-file-system@^6.0.2:
  version "6.0.2"
  resolved "https://registry.yarnpkg.com/expo-file-system/-/expo-file-system-6.0.2.tgz#e65f30eb6a7213e07933df9688116eaf4e25bbf8"
  dependencies:
    uuid-js "^0.7.5"

invariant@^2.2.4:
  version "2.2.4"
  resolved "https://registry.yarnpkg.com/invariant/-/invariant-2.2.4.tgz#610f3c92c9359ce1db616e538008d23ff35158e6"
  dependencies:
    loose-envify "^1.0.0"

"js-tokens@^3.0.0 || ^4.0.0":
  version "4.0.0"
  resolved "https://registry.yarnpkg.com/js-tokens/-/js-tokens-4.0.0.tgz#19203fb59991df98e3a287050d4647cdeaf32499"

lodash@^4.5.0:
  version "4.17.15"
  resolved "https://registry.yarnpkg.com/lodash/-/lodash-4.17.15.tgz#b447f6670a0455bbfeedd11392eff330ea097548"

loose-envify@^1.0.0, loose-envify@^1.4.0:
  version "1.4.0"
  resolved "https://registry.yarnpkg.com/loose-envify/-/loose-envify-1.4.0.tgz#71ee51fa7be4caec1a63839f7e682d8132d30caf"
  dependencies:
    js-tokens "^3.0.0 || ^4.0.0"

object-assign@^4.1.1:
  version "4.1.1"
  resolved "https://registry.yarnpkg.com/object-assign/-/object-assign-4.1.1.tgz#2109adc7965887cfc05cbbd442cac8bfbb360863"

prettier@^1.18.2:
  version "1.18.2"
  resolved "https://registry.yarnpkg.com/prettier/-/prettier-1.18.2.tgz#6823e7c5900017b4bd3acf46fe9ac4b4d7bda9ea"

prop-types@^15.6.1:
  version "15.7.2"
  resolved "https://registry.yarnpkg.com/prop-types/-/prop-types-15.7.2.tgz#52c41e75b8c87e72b9d9360e0206b99dcbffa6c5"
  dependencies:
    loose-envify "^1.4.0"
    object-assign "^4.1.1"
    react-is "^16.8.1"

react-is@^16.8.1:
  version "16.9.0"
  resolved "https://registry.yarnpkg.com/react-is/-/react-is-16.9.0.tgz#21ca9561399aad0ff1a7701c01683e8ca981edcb"

typescript@^3.6.3:
  version "3.6.3"
  resolved "https://registry.yarnpkg.com/typescript/-/typescript-3.6.3.tgz#fea942fabb20f7e1ca7164ff626f1a9f3f70b4da"

uuid-js@^0.7.5:
  version "0.7.5"
  resolved "https://registry.yarnpkg.com/uuid-js/-/uuid-js-0.7.5.tgz#6c886d02a53d2d40dcf25d91a170b4a7b25b94d0"
